// !$*UTF8*$!
{
	archiveVersion = 1;
	classes = {
	};
	objectVersion = 56;
	objects = {

/* Begin PBXBuildFile section */
		E5621C8F295279B5002913E3 /* Coordinator.swift in Sources */ = {isa = PBXBuildFile; fileRef = E5621C8E295279B4002913E3 /* Coordinator.swift */; };
		E5621C972952824B002913E3 /* UsersListUITests.swift in Sources */ = {isa = PBXBuildFile; fileRef = E5621C962952824B002913E3 /* UsersListUITests.swift */; };
		E5621C9F295282FF002913E3 /* UIViewController+Snapshot.swift in Sources */ = {isa = PBXBuildFile; fileRef = E5621C9E295282FF002913E3 /* UIViewController+Snapshot.swift */; };
		E5B938A82952477D005B434E /* AppDelegate.swift in Sources */ = {isa = PBXBuildFile; fileRef = E5B938A72952477D005B434E /* AppDelegate.swift */; };
		E5B938B129524780005B434E /* Assets.xcassets in Resources */ = {isa = PBXBuildFile; fileRef = E5B938B029524780005B434E /* Assets.xcassets */; };
		E5B938B429524780005B434E /* LaunchScreen.storyboard in Resources */ = {isa = PBXBuildFile; fileRef = E5B938B229524780005B434E /* LaunchScreen.storyboard */; };
		E5B938BF29524781005B434E /* UsersListTests.swift in Sources */ = {isa = PBXBuildFile; fileRef = E5B938BE29524781005B434E /* UsersListTests.swift */; };
		E5B938DF29524C46005B434E /* DataRequest.swift in Sources */ = {isa = PBXBuildFile; fileRef = E5B938DE29524C46005B434E /* DataRequest.swift */; };
		E5B938E129524C89005B434E /* NetworkService.swift in Sources */ = {isa = PBXBuildFile; fileRef = E5B938E029524C89005B434E /* NetworkService.swift */; };
		E5B938E429524CE7005B434E /* XCTestCase+MemoryLeakTracking.swift in Sources */ = {isa = PBXBuildFile; fileRef = E5B938E329524CE7005B434E /* XCTestCase+MemoryLeakTracking.swift */; };
		E5B938E92952518D005B434E /* UsersLoader.swift in Sources */ = {isa = PBXBuildFile; fileRef = E5B938E82952518D005B434E /* UsersLoader.swift */; };
		E5B938EB29525266005B434E /* User.swift in Sources */ = {isa = PBXBuildFile; fileRef = E5B938EA29525266005B434E /* User.swift */; };
		E5B938EE295256EC005B434E /* UsersFeedTests.swift in Sources */ = {isa = PBXBuildFile; fileRef = E5B938ED295256EC005B434E /* UsersFeedTests.swift */; };
		E5B938FC29525781005B434E /* UsersListE2ETests.swift in Sources */ = {isa = PBXBuildFile; fileRef = E5B938D929524B35005B434E /* UsersListE2ETests.swift */; };
		E5B938FD29525787005B434E /* XCTestCase+MemoryLeakTracking.swift in Sources */ = {isa = PBXBuildFile; fileRef = E5B938E329524CE7005B434E /* XCTestCase+MemoryLeakTracking.swift */; };
		E5B9390129525E47005B434E /* FeedLoaderMockURLProtocol.swift in Sources */ = {isa = PBXBuildFile; fileRef = E5B9390029525E47005B434E /* FeedLoaderMockURLProtocol.swift */; };
		E5B939032952644B005B434E /* UsersImageLoader.swift in Sources */ = {isa = PBXBuildFile; fileRef = E5B939022952644B005B434E /* UsersImageLoader.swift */; };
		E5B9390629526577005B434E /* UsersViewControllerTests.swift in Sources */ = {isa = PBXBuildFile; fileRef = E5B9390529526577005B434E /* UsersViewControllerTests.swift */; };
		E5B939082952665F005B434E /* UsersViewController.swift in Sources */ = {isa = PBXBuildFile; fileRef = E5B939072952665F005B434E /* UsersViewController.swift */; };
		E5B9390A295266B3005B434E /* UsersUIComposer.swift in Sources */ = {isa = PBXBuildFile; fileRef = E5B93909295266B3005B434E /* UsersUIComposer.swift */; };
		E5B9390C295269C1005B434E /* UserCell.swift in Sources */ = {isa = PBXBuildFile; fileRef = E5B9390B295269C1005B434E /* UserCell.swift */; };
		E5B9390F29526B05005B434E /* UserViewModel.swift in Sources */ = {isa = PBXBuildFile; fileRef = E5B9390E29526B05005B434E /* UserViewModel.swift */; };
/* End PBXBuildFile section */

/* Begin PBXContainerItemProxy section */
		E5621C982952824B002913E3 /* PBXContainerItemProxy */ = {
			isa = PBXContainerItemProxy;
			containerPortal = E5B9389C2952477D005B434E /* Project object */;
			proxyType = 1;
			remoteGlobalIDString = E5B938A32952477D005B434E;
			remoteInfo = UsersList;
		};
		E5B938BB29524781005B434E /* PBXContainerItemProxy */ = {
			isa = PBXContainerItemProxy;
			containerPortal = E5B9389C2952477D005B434E /* Project object */;
			proxyType = 1;
			remoteGlobalIDString = E5B938A32952477D005B434E;
			remoteInfo = UsersList;
		};
		E5B938F729525772005B434E /* PBXContainerItemProxy */ = {
			isa = PBXContainerItemProxy;
			containerPortal = E5B9389C2952477D005B434E /* Project object */;
			proxyType = 1;
			remoteGlobalIDString = E5B938A32952477D005B434E;
			remoteInfo = UsersList;
		};
/* End PBXContainerItemProxy section */

/* Begin PBXFileReference section */
		E5621C8E295279B4002913E3 /* Coordinator.swift */ = {isa = PBXFileReference; lastKnownFileType = sourcecode.swift; path = Coordinator.swift; sourceTree = "<group>"; };
		E5621C942952824B002913E3 /* UsersListUITests.xctest */ = {isa = PBXFileReference; explicitFileType = wrapper.cfbundle; includeInIndex = 0; path = UsersListUITests.xctest; sourceTree = BUILT_PRODUCTS_DIR; };
		E5621C962952824B002913E3 /* UsersListUITests.swift */ = {isa = PBXFileReference; lastKnownFileType = sourcecode.swift; path = UsersListUITests.swift; sourceTree = "<group>"; };
		E5621C9E295282FF002913E3 /* UIViewController+Snapshot.swift */ = {isa = PBXFileReference; lastKnownFileType = sourcecode.swift; path = "UIViewController+Snapshot.swift"; sourceTree = "<group>"; };
		E5B938A42952477D005B434E /* UsersList.app */ = {isa = PBXFileReference; explicitFileType = wrapper.application; includeInIndex = 0; path = UsersList.app; sourceTree = BUILT_PRODUCTS_DIR; };
		E5B938A72952477D005B434E /* AppDelegate.swift */ = {isa = PBXFileReference; lastKnownFileType = sourcecode.swift; path = AppDelegate.swift; sourceTree = "<group>"; };
		E5B938B029524780005B434E /* Assets.xcassets */ = {isa = PBXFileReference; lastKnownFileType = folder.assetcatalog; path = Assets.xcassets; sourceTree = "<group>"; };
		E5B938B329524780005B434E /* Base */ = {isa = PBXFileReference; lastKnownFileType = file.storyboard; name = Base; path = Base.lproj/LaunchScreen.storyboard; sourceTree = "<group>"; };
		E5B938B529524780005B434E /* Info.plist */ = {isa = PBXFileReference; lastKnownFileType = text.plist.xml; path = Info.plist; sourceTree = "<group>"; };
		E5B938BA29524781005B434E /* UsersListTests.xctest */ = {isa = PBXFileReference; explicitFileType = wrapper.cfbundle; includeInIndex = 0; path = UsersListTests.xctest; sourceTree = BUILT_PRODUCTS_DIR; };
		E5B938BE29524781005B434E /* UsersListTests.swift */ = {isa = PBXFileReference; lastKnownFileType = sourcecode.swift; path = UsersListTests.swift; sourceTree = "<group>"; };
		E5B938D929524B35005B434E /* UsersListE2ETests.swift */ = {isa = PBXFileReference; lastKnownFileType = sourcecode.swift; path = UsersListE2ETests.swift; sourceTree = "<group>"; };
		E5B938DE29524C46005B434E /* DataRequest.swift */ = {isa = PBXFileReference; lastKnownFileType = sourcecode.swift; path = DataRequest.swift; sourceTree = "<group>"; };
		E5B938E029524C89005B434E /* NetworkService.swift */ = {isa = PBXFileReference; lastKnownFileType = sourcecode.swift; path = NetworkService.swift; sourceTree = "<group>"; };
		E5B938E329524CE7005B434E /* XCTestCase+MemoryLeakTracking.swift */ = {isa = PBXFileReference; lastKnownFileType = sourcecode.swift; path = "XCTestCase+MemoryLeakTracking.swift"; sourceTree = "<group>"; };
		E5B938E82952518D005B434E /* UsersLoader.swift */ = {isa = PBXFileReference; lastKnownFileType = sourcecode.swift; path = UsersLoader.swift; sourceTree = "<group>"; };
		E5B938EA29525266005B434E /* User.swift */ = {isa = PBXFileReference; lastKnownFileType = sourcecode.swift; path = User.swift; sourceTree = "<group>"; };
		E5B938ED295256EC005B434E /* UsersFeedTests.swift */ = {isa = PBXFileReference; lastKnownFileType = sourcecode.swift; path = UsersFeedTests.swift; sourceTree = "<group>"; };
		E5B938F329525772005B434E /* UsersListE2ETests.xctest */ = {isa = PBXFileReference; explicitFileType = wrapper.cfbundle; includeInIndex = 0; path = UsersListE2ETests.xctest; sourceTree = BUILT_PRODUCTS_DIR; };
		E5B9390029525E47005B434E /* FeedLoaderMockURLProtocol.swift */ = {isa = PBXFileReference; lastKnownFileType = sourcecode.swift; path = FeedLoaderMockURLProtocol.swift; sourceTree = "<group>"; };
		E5B939022952644B005B434E /* UsersImageLoader.swift */ = {isa = PBXFileReference; lastKnownFileType = sourcecode.swift; path = UsersImageLoader.swift; sourceTree = "<group>"; };
		E5B9390529526577005B434E /* UsersViewControllerTests.swift */ = {isa = PBXFileReference; lastKnownFileType = sourcecode.swift; path = UsersViewControllerTests.swift; sourceTree = "<group>"; };
		E5B939072952665F005B434E /* UsersViewController.swift */ = {isa = PBXFileReference; lastKnownFileType = sourcecode.swift; path = UsersViewController.swift; sourceTree = "<group>"; };
		E5B93909295266B3005B434E /* UsersUIComposer.swift */ = {isa = PBXFileReference; lastKnownFileType = sourcecode.swift; path = UsersUIComposer.swift; sourceTree = "<group>"; };
		E5B9390B295269C1005B434E /* UserCell.swift */ = {isa = PBXFileReference; lastKnownFileType = sourcecode.swift; path = UserCell.swift; sourceTree = "<group>"; };
		E5B9390E29526B05005B434E /* UserViewModel.swift */ = {isa = PBXFileReference; lastKnownFileType = sourcecode.swift; path = UserViewModel.swift; sourceTree = "<group>"; };
/* End PBXFileReference section */

/* Begin PBXFrameworksBuildPhase section */
		E5621C912952824B002913E3 /* Frameworks */ = {
			isa = PBXFrameworksBuildPhase;
			buildActionMask = 2147483647;
			files = (
			);
			runOnlyForDeploymentPostprocessing = 0;
		};
		E5B938A12952477D005B434E /* Frameworks */ = {
			isa = PBXFrameworksBuildPhase;
			buildActionMask = 2147483647;
			files = (
			);
			runOnlyForDeploymentPostprocessing = 0;
		};
		E5B938B729524781005B434E /* Frameworks */ = {
			isa = PBXFrameworksBuildPhase;
			buildActionMask = 2147483647;
			files = (
			);
			runOnlyForDeploymentPostprocessing = 0;
		};
		E5B938F029525772005B434E /* Frameworks */ = {
			isa = PBXFrameworksBuildPhase;
			buildActionMask = 2147483647;
			files = (
			);
			runOnlyForDeploymentPostprocessing = 0;
		};
/* End PBXFrameworksBuildPhase section */

/* Begin PBXGroup section */
		E5621C8D295279A8002913E3 /* Navigation */ = {
			isa = PBXGroup;
			children = (
				E5621C8E295279B4002913E3 /* Coordinator.swift */,
			);
			path = Navigation;
			sourceTree = "<group>";
		};
		E5621C952952824B002913E3 /* UsersListUITests */ = {
			isa = PBXGroup;
			children = (
				E5621C9D295282EA002913E3 /* Helpers */,
				E5621C962952824B002913E3 /* UsersListUITests.swift */,
			);
			path = UsersListUITests;
			sourceTree = "<group>";
		};
		E5621C9D295282EA002913E3 /* Helpers */ = {
			isa = PBXGroup;
			children = (
				E5621C9E295282FF002913E3 /* UIViewController+Snapshot.swift */,
			);
			path = Helpers;
			sourceTree = "<group>";
		};
		E5B9389B2952477D005B434E = {
			isa = PBXGroup;
			children = (
				E5B938E629525157005B434E /* UsersFeed */,
				E5B938DD29524C24005B434E /* Network */,
				E5B938A62952477D005B434E /* UsersList */,
				E5B938DC29524BC6005B434E /* Tests */,
				E5621C952952824B002913E3 /* UsersListUITests */,
				E5B938A52952477D005B434E /* Products */,
			);
			sourceTree = "<group>";
		};
		E5B938A52952477D005B434E /* Products */ = {
			isa = PBXGroup;
			children = (
				E5B938A42952477D005B434E /* UsersList.app */,
				E5B938BA29524781005B434E /* UsersListTests.xctest */,
				E5B938F329525772005B434E /* UsersListE2ETests.xctest */,
				E5621C942952824B002913E3 /* UsersListUITests.xctest */,
			);
			name = Products;
			sourceTree = "<group>";
		};
		E5B938A62952477D005B434E /* UsersList */ = {
			isa = PBXGroup;
			children = (
				E5621C8D295279A8002913E3 /* Navigation */,
				E5B9390D29526AF9005B434E /* Domain */,
				E5B938A72952477D005B434E /* AppDelegate.swift */,
				E5B938B029524780005B434E /* Assets.xcassets */,
				E5B938B229524780005B434E /* LaunchScreen.storyboard */,
				E5B938B529524780005B434E /* Info.plist */,
				E5B939072952665F005B434E /* UsersViewController.swift */,
				E5B93909295266B3005B434E /* UsersUIComposer.swift */,
				E5B9390B295269C1005B434E /* UserCell.swift */,
			);
			path = UsersList;
			sourceTree = "<group>";
		};
		E5B938BD29524781005B434E /* UsersListTests */ = {
			isa = PBXGroup;
			children = (
				E5B938BE29524781005B434E /* UsersListTests.swift */,
			);
			path = UsersListTests;
			sourceTree = "<group>";
		};
		E5B938D829524B13005B434E /* UsersListE2ETests */ = {
			isa = PBXGroup;
			children = (
				E5B938D929524B35005B434E /* UsersListE2ETests.swift */,
			);
			path = UsersListE2ETests;
			sourceTree = "<group>";
		};
		E5B938DC29524BC6005B434E /* Tests */ = {
			isa = PBXGroup;
			children = (
				E5B939042952655D005B434E /* UsersAppTests */,
				E5B938EC295256D5005B434E /* UsersFeedTests */,
				E5B938E229524CCA005B434E /* Helpers */,
				E5B938D829524B13005B434E /* UsersListE2ETests */,
				E5B938BD29524781005B434E /* UsersListTests */,
			);
			path = Tests;
			sourceTree = "<group>";
		};
		E5B938DD29524C24005B434E /* Network */ = {
			isa = PBXGroup;
			children = (
				E5B938DE29524C46005B434E /* DataRequest.swift */,
				E5B938E029524C89005B434E /* NetworkService.swift */,
			);
			path = Network;
			sourceTree = "<group>";
		};
		E5B938E229524CCA005B434E /* Helpers */ = {
			isa = PBXGroup;
			children = (
				E5B938E329524CE7005B434E /* XCTestCase+MemoryLeakTracking.swift */,
			);
			path = Helpers;
			sourceTree = "<group>";
		};
		E5B938E629525157005B434E /* UsersFeed */ = {
			isa = PBXGroup;
			children = (
				E5B938E82952518D005B434E /* UsersLoader.swift */,
				E5B938EA29525266005B434E /* User.swift */,
				E5B939022952644B005B434E /* UsersImageLoader.swift */,
			);
			path = UsersFeed;
			sourceTree = "<group>";
		};
		E5B938EC295256D5005B434E /* UsersFeedTests */ = {
			isa = PBXGroup;
			children = (
				E5B938ED295256EC005B434E /* UsersFeedTests.swift */,
				E5B9390029525E47005B434E /* FeedLoaderMockURLProtocol.swift */,
			);
			path = UsersFeedTests;
			sourceTree = "<group>";
		};
		E5B939042952655D005B434E /* UsersAppTests */ = {
			isa = PBXGroup;
			children = (
				E5B9390529526577005B434E /* UsersViewControllerTests.swift */,
			);
			path = UsersAppTests;
			sourceTree = "<group>";
		};
		E5B9390D29526AF9005B434E /* Domain */ = {
			isa = PBXGroup;
			children = (
				E5B9390E29526B05005B434E /* UserViewModel.swift */,
			);
			path = Domain;
			sourceTree = "<group>";
		};
/* End PBXGroup section */

/* Begin PBXNativeTarget section */
		E5621C932952824B002913E3 /* UsersListUITests */ = {
			isa = PBXNativeTarget;
			buildConfigurationList = E5621C9A2952824B002913E3 /* Build configuration list for PBXNativeTarget "UsersListUITests" */;
			buildPhases = (
				E5621C902952824B002913E3 /* Sources */,
				E5621C912952824B002913E3 /* Frameworks */,
				E5621C922952824B002913E3 /* Resources */,
			);
			buildRules = (
			);
			dependencies = (
				E5621C992952824B002913E3 /* PBXTargetDependency */,
			);
			name = UsersListUITests;
			productName = UsersListUITests;
			productReference = E5621C942952824B002913E3 /* UsersListUITests.xctest */;
			productType = "com.apple.product-type.bundle.unit-test";
		};
		E5B938A32952477D005B434E /* UsersList */ = {
			isa = PBXNativeTarget;
			buildConfigurationList = E5B938CE29524781005B434E /* Build configuration list for PBXNativeTarget "UsersList" */;
			buildPhases = (
				E5B938D72952497C005B434E /* SwiftFormat */,
				E5B938A02952477D005B434E /* Sources */,
				E5B938A12952477D005B434E /* Frameworks */,
				E5B938A22952477D005B434E /* Resources */,
			);
			buildRules = (
			);
			dependencies = (
			);
			name = UsersList;
			productName = UsersList;
			productReference = E5B938A42952477D005B434E /* UsersList.app */;
			productType = "com.apple.product-type.application";
		};
		E5B938B929524781005B434E /* UsersListTests */ = {
			isa = PBXNativeTarget;
			buildConfigurationList = E5B938D129524781005B434E /* Build configuration list for PBXNativeTarget "UsersListTests" */;
			buildPhases = (
				E5B938B629524781005B434E /* Sources */,
				E5B938B729524781005B434E /* Frameworks */,
				E5B938B829524781005B434E /* Resources */,
			);
			buildRules = (
			);
			dependencies = (
				E5B938BC29524781005B434E /* PBXTargetDependency */,
			);
			name = UsersListTests;
			productName = UsersListTests;
			productReference = E5B938BA29524781005B434E /* UsersListTests.xctest */;
			productType = "com.apple.product-type.bundle.unit-test";
		};
		E5B938F229525772005B434E /* UsersListE2ETests */ = {
			isa = PBXNativeTarget;
			buildConfigurationList = E5B938F929525772005B434E /* Build configuration list for PBXNativeTarget "UsersListE2ETests" */;
			buildPhases = (
				E5B938EF29525772005B434E /* Sources */,
				E5B938F029525772005B434E /* Frameworks */,
				E5B938F129525772005B434E /* Resources */,
			);
			buildRules = (
			);
			dependencies = (
				E5B938F829525772005B434E /* PBXTargetDependency */,
			);
			name = UsersListE2ETests;
			productName = UsersListE2ETests;
			productReference = E5B938F329525772005B434E /* UsersListE2ETests.xctest */;
			productType = "com.apple.product-type.bundle.unit-test";
		};
/* End PBXNativeTarget section */

/* Begin PBXProject section */
		E5B9389C2952477D005B434E /* Project object */ = {
			isa = PBXProject;
			attributes = {
				BuildIndependentTargetsInParallel = 1;
				LastSwiftUpdateCheck = 1420;
				LastUpgradeCheck = 1420;
				TargetAttributes = {
					E5621C932952824B002913E3 = {
						CreatedOnToolsVersion = 14.2;
						TestTargetID = E5B938A32952477D005B434E;
					};
					E5B938A32952477D005B434E = {
						CreatedOnToolsVersion = 14.2;
					};
					E5B938B929524781005B434E = {
						CreatedOnToolsVersion = 14.2;
						TestTargetID = E5B938A32952477D005B434E;
					};
					E5B938F229525772005B434E = {
						CreatedOnToolsVersion = 14.2;
						TestTargetID = E5B938A32952477D005B434E;
					};
				};
			};
			buildConfigurationList = E5B9389F2952477D005B434E /* Build configuration list for PBXProject "UsersList" */;
			compatibilityVersion = "Xcode 14.0";
			developmentRegion = en;
			hasScannedForEncodings = 0;
			knownRegions = (
				en,
				Base,
			);
			mainGroup = E5B9389B2952477D005B434E;
			productRefGroup = E5B938A52952477D005B434E /* Products */;
			projectDirPath = "";
			projectRoot = "";
			targets = (
				E5B938A32952477D005B434E /* UsersList */,
				E5B938B929524781005B434E /* UsersListTests */,
				E5B938F229525772005B434E /* UsersListE2ETests */,
				E5621C932952824B002913E3 /* UsersListUITests */,
			);
		};
/* End PBXProject section */

/* Begin PBXResourcesBuildPhase section */
		E5621C922952824B002913E3 /* Resources */ = {
			isa = PBXResourcesBuildPhase;
			buildActionMask = 2147483647;
			files = (
			);
			runOnlyForDeploymentPostprocessing = 0;
		};
		E5B938A22952477D005B434E /* Resources */ = {
			isa = PBXResourcesBuildPhase;
			buildActionMask = 2147483647;
			files = (
				E5B938B429524780005B434E /* LaunchScreen.storyboard in Resources */,
				E5B938B129524780005B434E /* Assets.xcassets in Resources */,
			);
			runOnlyForDeploymentPostprocessing = 0;
		};
		E5B938B829524781005B434E /* Resources */ = {
			isa = PBXResourcesBuildPhase;
			buildActionMask = 2147483647;
			files = (
			);
			runOnlyForDeploymentPostprocessing = 0;
		};
		E5B938F129525772005B434E /* Resources */ = {
			isa = PBXResourcesBuildPhase;
			buildActionMask = 2147483647;
			files = (
			);
			runOnlyForDeploymentPostprocessing = 0;
		};
/* End PBXResourcesBuildPhase section */

/* Begin PBXShellScriptBuildPhase section */
		E5B938D72952497C005B434E /* SwiftFormat */ = {
			isa = PBXShellScriptBuildPhase;
			buildActionMask = 2147483647;
			files = (
			);
			inputFileListPaths = (
			);
			inputPaths = (
			);
			name = SwiftFormat;
			outputFileListPaths = (
			);
			outputPaths = (
			);
			runOnlyForDeploymentPostprocessing = 0;
			shellPath = /bin/sh;
			shellScript = "if [[ $OTHER_SWIFT_FLAGS == *\"-D ED_SKIP_SWIFT_FORMAT\"* ]]; then\n  exit 0;\nfi\n\nBuildTools/SwiftFormat/swiftformat \"$SRCROOT\" --swiftversion 5 --indent tab --rules indent,linebreaks,trailingSpace,consecutiveBlankLines,blankLinesAtEndOfScope,blankLinesAtStartOfScope,blankLinesBetweenScopes,consecutiveSpaces,duplicateImports,elseOnSameLine,emptyBraces,redundantBreak,redundantInit,redundantLetError,redundantNilInit,redundantType,redundantVoidReturnType,spaceAroundBraces,spaceAroundBrackets,spaceAroundComments,spaceAroundGenerics,spaceAroundOperators,spaceAroundParens,spaceInsideBraces,spaceInsideBrackets,spaceInsideGenerics,spaceInsideParens,void --quiet\n";
		};
/* End PBXShellScriptBuildPhase section */

/* Begin PBXSourcesBuildPhase section */
		E5621C902952824B002913E3 /* Sources */ = {
			isa = PBXSourcesBuildPhase;
			buildActionMask = 2147483647;
			files = (
				E5621C9F295282FF002913E3 /* UIViewController+Snapshot.swift in Sources */,
				E5621C972952824B002913E3 /* UsersListUITests.swift in Sources */,
			);
			runOnlyForDeploymentPostprocessing = 0;
		};
		E5B938A02952477D005B434E /* Sources */ = {
			isa = PBXSourcesBuildPhase;
			buildActionMask = 2147483647;
			files = (
				E5B9390A295266B3005B434E /* UsersUIComposer.swift in Sources */,
				E5B9390F29526B05005B434E /* UserViewModel.swift in Sources */,
				E5B938E129524C89005B434E /* NetworkService.swift in Sources */,
				E5B938E92952518D005B434E /* UsersLoader.swift in Sources */,
				E5B938A82952477D005B434E /* AppDelegate.swift in Sources */,
				E5B939032952644B005B434E /* UsersImageLoader.swift in Sources */,
				E5621C8F295279B5002913E3 /* Coordinator.swift in Sources */,
				E5B938DF29524C46005B434E /* DataRequest.swift in Sources */,
				E5B939082952665F005B434E /* UsersViewController.swift in Sources */,
				E5B9390C295269C1005B434E /* UserCell.swift in Sources */,
				E5B938EB29525266005B434E /* User.swift in Sources */,
			);
			runOnlyForDeploymentPostprocessing = 0;
		};
		E5B938B629524781005B434E /* Sources */ = {
			isa = PBXSourcesBuildPhase;
			buildActionMask = 2147483647;
			files = (
				E5B9390129525E47005B434E /* FeedLoaderMockURLProtocol.swift in Sources */,
				E5B9390629526577005B434E /* UsersViewControllerTests.swift in Sources */,
				E5B938BF29524781005B434E /* UsersListTests.swift in Sources */,
				E5B938EE295256EC005B434E /* UsersFeedTests.swift in Sources */,
				E5B938E429524CE7005B434E /* XCTestCase+MemoryLeakTracking.swift in Sources */,
			);
			runOnlyForDeploymentPostprocessing = 0;
		};
		E5B938EF29525772005B434E /* Sources */ = {
			isa = PBXSourcesBuildPhase;
			buildActionMask = 2147483647;
			files = (
				E5B938FC29525781005B434E /* UsersListE2ETests.swift in Sources */,
				E5B938FD29525787005B434E /* XCTestCase+MemoryLeakTracking.swift in Sources */,
			);
			runOnlyForDeploymentPostprocessing = 0;
		};
/* End PBXSourcesBuildPhase section */

/* Begin PBXTargetDependency section */
		E5621C992952824B002913E3 /* PBXTargetDependency */ = {
			isa = PBXTargetDependency;
			target = E5B938A32952477D005B434E /* UsersList */;
			targetProxy = E5621C982952824B002913E3 /* PBXContainerItemProxy */;
		};
		E5B938BC29524781005B434E /* PBXTargetDependency */ = {
			isa = PBXTargetDependency;
			target = E5B938A32952477D005B434E /* UsersList */;
			targetProxy = E5B938BB29524781005B434E /* PBXContainerItemProxy */;
		};
		E5B938F829525772005B434E /* PBXTargetDependency */ = {
			isa = PBXTargetDependency;
			target = E5B938A32952477D005B434E /* UsersList */;
			targetProxy = E5B938F729525772005B434E /* PBXContainerItemProxy */;
		};
/* End PBXTargetDependency section */

/* Begin PBXVariantGroup section */
		E5B938B229524780005B434E /* LaunchScreen.storyboard */ = {
			isa = PBXVariantGroup;
			children = (
				E5B938B329524780005B434E /* Base */,
			);
			name = LaunchScreen.storyboard;
			sourceTree = "<group>";
		};
/* End PBXVariantGroup section */

/* Begin XCBuildConfiguration section */
		E5621C9B2952824B002913E3 /* Debug */ = {
			isa = XCBuildConfiguration;
			buildSettings = {
				BUNDLE_LOADER = "$(TEST_HOST)";
				CODE_SIGN_STYLE = Automatic;
				CURRENT_PROJECT_VERSION = 1;
				DEVELOPMENT_TEAM = Q78LKWJ5MC;
				GENERATE_INFOPLIST_FILE = YES;
				MARKETING_VERSION = 1.0;
				PRODUCT_BUNDLE_IDENTIFIER = com.fabiosoft.UsersListUITests;
				PRODUCT_NAME = "$(TARGET_NAME)";
				SWIFT_EMIT_LOC_STRINGS = NO;
				SWIFT_VERSION = 5.0;
				TARGETED_DEVICE_FAMILY = "1,2";
				TEST_HOST = "$(BUILT_PRODUCTS_DIR)/UsersList.app/$(BUNDLE_EXECUTABLE_FOLDER_PATH)/UsersList";
			};
			name = Debug;
		};
		E5621C9C2952824B002913E3 /* Release */ = {
			isa = XCBuildConfiguration;
			buildSettings = {
				BUNDLE_LOADER = "$(TEST_HOST)";
				CODE_SIGN_STYLE = Automatic;
				CURRENT_PROJECT_VERSION = 1;
				DEVELOPMENT_TEAM = Q78LKWJ5MC;
				GENERATE_INFOPLIST_FILE = YES;
				MARKETING_VERSION = 1.0;
				PRODUCT_BUNDLE_IDENTIFIER = com.fabiosoft.UsersListUITests;
				PRODUCT_NAME = "$(TARGET_NAME)";
				SWIFT_EMIT_LOC_STRINGS = NO;
				SWIFT_VERSION = 5.0;
				TARGETED_DEVICE_FAMILY = "1,2";
				TEST_HOST = "$(BUILT_PRODUCTS_DIR)/UsersList.app/$(BUNDLE_EXECUTABLE_FOLDER_PATH)/UsersList";
			};
			name = Release;
		};
		E5B938CC29524781005B434E /* Debug */ = {
			isa = XCBuildConfiguration;
			buildSettings = {
				ALWAYS_SEARCH_USER_PATHS = NO;
				CLANG_ANALYZER_NONNULL = YES;
				CLANG_ANALYZER_NUMBER_OBJECT_CONVERSION = YES_AGGRESSIVE;
				CLANG_CXX_LANGUAGE_STANDARD = "gnu++20";
				CLANG_ENABLE_MODULES = YES;
				CLANG_ENABLE_OBJC_ARC = YES;
				CLANG_ENABLE_OBJC_WEAK = YES;
				CLANG_WARN_BLOCK_CAPTURE_AUTORELEASING = YES;
				CLANG_WARN_BOOL_CONVERSION = YES;
				CLANG_WARN_COMMA = YES;
				CLANG_WARN_CONSTANT_CONVERSION = YES;
				CLANG_WARN_DEPRECATED_OBJC_IMPLEMENTATIONS = YES;
				CLANG_WARN_DIRECT_OBJC_ISA_USAGE = YES_ERROR;
				CLANG_WARN_DOCUMENTATION_COMMENTS = YES;
				CLANG_WARN_EMPTY_BODY = YES;
				CLANG_WARN_ENUM_CONVERSION = YES;
				CLANG_WARN_INFINITE_RECURSION = YES;
				CLANG_WARN_INT_CONVERSION = YES;
				CLANG_WARN_NON_LITERAL_NULL_CONVERSION = YES;
				CLANG_WARN_OBJC_IMPLICIT_RETAIN_SELF = YES;
				CLANG_WARN_OBJC_LITERAL_CONVERSION = YES;
				CLANG_WARN_OBJC_ROOT_CLASS = YES_ERROR;
				CLANG_WARN_QUOTED_INCLUDE_IN_FRAMEWORK_HEADER = YES;
				CLANG_WARN_RANGE_LOOP_ANALYSIS = YES;
				CLANG_WARN_STRICT_PROTOTYPES = YES;
				CLANG_WARN_SUSPICIOUS_MOVE = YES;
				CLANG_WARN_UNGUARDED_AVAILABILITY = YES_AGGRESSIVE;
				CLANG_WARN_UNREACHABLE_CODE = YES;
				CLANG_WARN__DUPLICATE_METHOD_MATCH = YES;
				COPY_PHASE_STRIP = NO;
				DEBUG_INFORMATION_FORMAT = dwarf;
				ENABLE_STRICT_OBJC_MSGSEND = YES;
				ENABLE_TESTABILITY = YES;
				GCC_C_LANGUAGE_STANDARD = gnu11;
				GCC_DYNAMIC_NO_PIC = NO;
				GCC_NO_COMMON_BLOCKS = YES;
				GCC_OPTIMIZATION_LEVEL = 0;
				GCC_PREPROCESSOR_DEFINITIONS = (
					"DEBUG=1",
					"$(inherited)",
				);
				GCC_WARN_64_TO_32_BIT_CONVERSION = YES;
				GCC_WARN_ABOUT_RETURN_TYPE = YES_ERROR;
				GCC_WARN_UNDECLARED_SELECTOR = YES;
				GCC_WARN_UNINITIALIZED_AUTOS = YES_AGGRESSIVE;
				GCC_WARN_UNUSED_FUNCTION = YES;
				GCC_WARN_UNUSED_VARIABLE = YES;
				IPHONEOS_DEPLOYMENT_TARGET = 16.2;
				MTL_ENABLE_DEBUG_INFO = INCLUDE_SOURCE;
				MTL_FAST_MATH = YES;
				ONLY_ACTIVE_ARCH = YES;
				SDKROOT = iphoneos;
				SWIFT_ACTIVE_COMPILATION_CONDITIONS = DEBUG;
				SWIFT_OPTIMIZATION_LEVEL = "-Onone";
			};
			name = Debug;
		};
		E5B938CD29524781005B434E /* Release */ = {
			isa = XCBuildConfiguration;
			buildSettings = {
				ALWAYS_SEARCH_USER_PATHS = NO;
				CLANG_ANALYZER_NONNULL = YES;
				CLANG_ANALYZER_NUMBER_OBJECT_CONVERSION = YES_AGGRESSIVE;
				CLANG_CXX_LANGUAGE_STANDARD = "gnu++20";
				CLANG_ENABLE_MODULES = YES;
				CLANG_ENABLE_OBJC_ARC = YES;
				CLANG_ENABLE_OBJC_WEAK = YES;
				CLANG_WARN_BLOCK_CAPTURE_AUTORELEASING = YES;
				CLANG_WARN_BOOL_CONVERSION = YES;
				CLANG_WARN_COMMA = YES;
				CLANG_WARN_CONSTANT_CONVERSION = YES;
				CLANG_WARN_DEPRECATED_OBJC_IMPLEMENTATIONS = YES;
				CLANG_WARN_DIRECT_OBJC_ISA_USAGE = YES_ERROR;
				CLANG_WARN_DOCUMENTATION_COMMENTS = YES;
				CLANG_WARN_EMPTY_BODY = YES;
				CLANG_WARN_ENUM_CONVERSION = YES;
				CLANG_WARN_INFINITE_RECURSION = YES;
				CLANG_WARN_INT_CONVERSION = YES;
				CLANG_WARN_NON_LITERAL_NULL_CONVERSION = YES;
				CLANG_WARN_OBJC_IMPLICIT_RETAIN_SELF = YES;
				CLANG_WARN_OBJC_LITERAL_CONVERSION = YES;
				CLANG_WARN_OBJC_ROOT_CLASS = YES_ERROR;
				CLANG_WARN_QUOTED_INCLUDE_IN_FRAMEWORK_HEADER = YES;
				CLANG_WARN_RANGE_LOOP_ANALYSIS = YES;
				CLANG_WARN_STRICT_PROTOTYPES = YES;
				CLANG_WARN_SUSPICIOUS_MOVE = YES;
				CLANG_WARN_UNGUARDED_AVAILABILITY = YES_AGGRESSIVE;
				CLANG_WARN_UNREACHABLE_CODE = YES;
				CLANG_WARN__DUPLICATE_METHOD_MATCH = YES;
				COPY_PHASE_STRIP = NO;
				DEBUG_INFORMATION_FORMAT = "dwarf-with-dsym";
				ENABLE_NS_ASSERTIONS = NO;
				ENABLE_STRICT_OBJC_MSGSEND = YES;
				GCC_C_LANGUAGE_STANDARD = gnu11;
				GCC_NO_COMMON_BLOCKS = YES;
				GCC_WARN_64_TO_32_BIT_CONVERSION = YES;
				GCC_WARN_ABOUT_RETURN_TYPE = YES_ERROR;
				GCC_WARN_UNDECLARED_SELECTOR = YES;
				GCC_WARN_UNINITIALIZED_AUTOS = YES_AGGRESSIVE;
				GCC_WARN_UNUSED_FUNCTION = YES;
				GCC_WARN_UNUSED_VARIABLE = YES;
				IPHONEOS_DEPLOYMENT_TARGET = 16.2;
				MTL_ENABLE_DEBUG_INFO = NO;
				MTL_FAST_MATH = YES;
				SDKROOT = iphoneos;
				SWIFT_COMPILATION_MODE = wholemodule;
				SWIFT_OPTIMIZATION_LEVEL = "-O";
				VALIDATE_PRODUCT = YES;
			};
			name = Release;
		};
		E5B938CF29524781005B434E /* Debug */ = {
			isa = XCBuildConfiguration;
			buildSettings = {
				ASSETCATALOG_COMPILER_APPICON_NAME = AppIcon;
				ASSETCATALOG_COMPILER_GLOBAL_ACCENT_COLOR_NAME = AccentColor;
				CODE_SIGN_STYLE = Automatic;
				CURRENT_PROJECT_VERSION = 1;
				DEVELOPMENT_TEAM = Q78LKWJ5MC;
				GENERATE_INFOPLIST_FILE = YES;
				INFOPLIST_FILE = UsersList/Info.plist;
				INFOPLIST_KEY_UIApplicationSupportsIndirectInputEvents = YES;
				INFOPLIST_KEY_UILaunchStoryboardName = LaunchScreen;
				INFOPLIST_KEY_UIMainStoryboardFile = "";
				INFOPLIST_KEY_UISupportedInterfaceOrientations = UIInterfaceOrientationPortrait;
				INFOPLIST_KEY_UISupportedInterfaceOrientations_iPad = "UIInterfaceOrientationLandscapeLeft UIInterfaceOrientationLandscapeRight UIInterfaceOrientationPortrait UIInterfaceOrientationPortraitUpsideDown";
				IPHONEOS_DEPLOYMENT_TARGET = 14.0;
				LD_RUNPATH_SEARCH_PATHS = (
					"$(inherited)",
					"@executable_path/Frameworks",
				);
				MARKETING_VERSION = 1.0;
				PRODUCT_BUNDLE_IDENTIFIER = com.fabiosoft.UsersList;
				PRODUCT_NAME = "$(TARGET_NAME)";
				SUPPORTED_PLATFORMS = "iphoneos iphonesimulator";
				SUPPORTS_MACCATALYST = NO;
				SUPPORTS_MAC_DESIGNED_FOR_IPHONE_IPAD = NO;
				SWIFT_EMIT_LOC_STRINGS = YES;
				SWIFT_VERSION = 5.0;
				TARGETED_DEVICE_FAMILY = 1;
			};
			name = Debug;
		};
		E5B938D029524781005B434E /* Release */ = {
			isa = XCBuildConfiguration;
			buildSettings = {
				ASSETCATALOG_COMPILER_APPICON_NAME = AppIcon;
				ASSETCATALOG_COMPILER_GLOBAL_ACCENT_COLOR_NAME = AccentColor;
				CODE_SIGN_STYLE = Automatic;
				CURRENT_PROJECT_VERSION = 1;
				DEVELOPMENT_TEAM = Q78LKWJ5MC;
				GENERATE_INFOPLIST_FILE = YES;
				INFOPLIST_FILE = UsersList/Info.plist;
				INFOPLIST_KEY_UIApplicationSupportsIndirectInputEvents = YES;
				INFOPLIST_KEY_UILaunchStoryboardName = LaunchScreen;
				INFOPLIST_KEY_UIMainStoryboardFile = "";
				INFOPLIST_KEY_UISupportedInterfaceOrientations = UIInterfaceOrientationPortrait;
				INFOPLIST_KEY_UISupportedInterfaceOrientations_iPad = "UIInterfaceOrientationLandscapeLeft UIInterfaceOrientationLandscapeRight UIInterfaceOrientationPortrait UIInterfaceOrientationPortraitUpsideDown";
				IPHONEOS_DEPLOYMENT_TARGET = 14.0;
				LD_RUNPATH_SEARCH_PATHS = (
					"$(inherited)",
					"@executable_path/Frameworks",
				);
				MARKETING_VERSION = 1.0;
				PRODUCT_BUNDLE_IDENTIFIER = com.fabiosoft.UsersList;
				PRODUCT_NAME = "$(TARGET_NAME)";
				SUPPORTED_PLATFORMS = "iphoneos iphonesimulator";
				SUPPORTS_MACCATALYST = NO;
				SUPPORTS_MAC_DESIGNED_FOR_IPHONE_IPAD = NO;
				SWIFT_EMIT_LOC_STRINGS = YES;
				SWIFT_VERSION = 5.0;
				TARGETED_DEVICE_FAMILY = 1;
			};
			name = Release;
		};
		E5B938D229524781005B434E /* Debug */ = {
			isa = XCBuildConfiguration;
			buildSettings = {
				ALWAYS_EMBED_SWIFT_STANDARD_LIBRARIES = YES;
				BUNDLE_LOADER = "$(TEST_HOST)";
				CODE_SIGN_STYLE = Automatic;
				CURRENT_PROJECT_VERSION = 1;
				DEVELOPMENT_TEAM = Q78LKWJ5MC;
				GENERATE_INFOPLIST_FILE = YES;
				IPHONEOS_DEPLOYMENT_TARGET = 16.2;
				MARKETING_VERSION = 1.0;
				PRODUCT_BUNDLE_IDENTIFIER = com.fabiosoft.UsersListTests;
				PRODUCT_NAME = "$(TARGET_NAME)";
				SWIFT_EMIT_LOC_STRINGS = NO;
				SWIFT_VERSION = 5.0;
				TARGETED_DEVICE_FAMILY = "1,2";
				TEST_HOST = "$(BUILT_PRODUCTS_DIR)/UsersList.app/$(BUNDLE_EXECUTABLE_FOLDER_PATH)/UsersList";
			};
			name = Debug;
		};
		E5B938D329524781005B434E /* Release */ = {
			isa = XCBuildConfiguration;
			buildSettings = {
				ALWAYS_EMBED_SWIFT_STANDARD_LIBRARIES = YES;
				BUNDLE_LOADER = "$(TEST_HOST)";
				CODE_SIGN_STYLE = Automatic;
				CURRENT_PROJECT_VERSION = 1;
				DEVELOPMENT_TEAM = Q78LKWJ5MC;
				GENERATE_INFOPLIST_FILE = YES;
				IPHONEOS_DEPLOYMENT_TARGET = 16.2;
				MARKETING_VERSION = 1.0;
				PRODUCT_BUNDLE_IDENTIFIER = com.fabiosoft.UsersListTests;
				PRODUCT_NAME = "$(TARGET_NAME)";
				SWIFT_EMIT_LOC_STRINGS = NO;
				SWIFT_VERSION = 5.0;
				TARGETED_DEVICE_FAMILY = "1,2";
				TEST_HOST = "$(BUILT_PRODUCTS_DIR)/UsersList.app/$(BUNDLE_EXECUTABLE_FOLDER_PATH)/UsersList";
			};
			name = Release;
		};
		E5B938FA29525772005B434E /* Debug */ = {
			isa = XCBuildConfiguration;
			buildSettings = {
				BUNDLE_LOADER = "$(TEST_HOST)";
				CODE_SIGN_STYLE = Automatic;
				CURRENT_PROJECT_VERSION = 1;
				DEVELOPMENT_TEAM = Q78LKWJ5MC;
				GENERATE_INFOPLIST_FILE = YES;
				MARKETING_VERSION = 1.0;
				PRODUCT_BUNDLE_IDENTIFIER = com.fabiosoft.UsersListE2ETests;
				PRODUCT_NAME = "$(TARGET_NAME)";
				SWIFT_EMIT_LOC_STRINGS = NO;
				SWIFT_VERSION = 5.0;
				TARGETED_DEVICE_FAMILY = "1,2";
				TEST_HOST = "$(BUILT_PRODUCTS_DIR)/UsersList.app/$(BUNDLE_EXECUTABLE_FOLDER_PATH)/UsersList";
			};
			name = Debug;
		};
		E5B938FB29525772005B434E /* Release */ = {
			isa = XCBuildConfiguration;
			buildSettings = {
				BUNDLE_LOADER = "$(TEST_HOST)";
				CODE_SIGN_STYLE = Automatic;
				CURRENT_PROJECT_VERSION = 1;
				DEVELOPMENT_TEAM = Q78LKWJ5MC;
				GENERATE_INFOPLIST_FILE = YES;
				MARKETING_VERSION = 1.0;
				PRODUCT_BUNDLE_IDENTIFIER = com.fabiosoft.UsersListE2ETests;
				PRODUCT_NAME = "$(TARGET_NAME)";
				SWIFT_EMIT_LOC_STRINGS = NO;
				SWIFT_VERSION = 5.0;
				TARGETED_DEVICE_FAMILY = "1,2";
				TEST_HOST = "$(BUILT_PRODUCTS_DIR)/UsersList.app/$(BUNDLE_EXECUTABLE_FOLDER_PATH)/UsersList";
			};
			name = Release;
		};
/* End XCBuildConfiguration section */

/* Begin XCConfigurationList section */
		E5621C9A2952824B002913E3 /* Build configuration list for PBXNativeTarget "UsersListUITests" */ = {
			isa = XCConfigurationList;
			buildConfigurations = (
				E5621C9B2952824B002913E3 /* Debug */,
				E5621C9C2952824B002913E3 /* Release */,
			);
			defaultConfigurationIsVisible = 0;
			defaultConfigurationName = Release;
		};
		E5B9389F2952477D005B434E /* Build configuration list for PBXProject "UsersList" */ = {
			isa = XCConfigurationList;
			buildConfigurations = (
				E5B938CC29524781005B434E /* Debug */,
				E5B938CD29524781005B434E /* Release */,
			);
			defaultConfigurationIsVisible = 0;
			defaultConfigurationName = Release;
		};
		E5B938CE29524781005B434E /* Build configuration list for PBXNativeTarget "UsersList" */ = {
			isa = XCConfigurationList;
			buildConfigurations = (
				E5B938CF29524781005B434E /* Debug */,
				E5B938D029524781005B434E /* Release */,
			);
			defaultConfigurationIsVisible = 0;
			defaultConfigurationName = Release;
		};
		E5B938D129524781005B434E /* Build configuration list for PBXNativeTarget "UsersListTests" */ = {
			isa = XCConfigurationList;
			buildConfigurations = (
				E5B938D229524781005B434E /* Debug */,
				E5B938D329524781005B434E /* Release */,
			);
			defaultConfigurationIsVisible = 0;
			defaultConfigurationName = Release;
		};
		E5B938F929525772005B434E /* Build configuration list for PBXNativeTarget "UsersListE2ETests" */ = {
			isa = XCConfigurationList;
			buildConfigurations = (
				E5B938FA29525772005B434E /* Debug */,
				E5B938FB29525772005B434E /* Release */,
			);
			defaultConfigurationIsVisible = 0;
			defaultConfigurationName = Release;
		};
/* End XCConfigurationList section */
	};
	rootObject = E5B9389C2952477D005B434E /* Project object */;
}
